
Microsoft Visual Studio Solution File, Format Version 12.00
# Visual Studio Version 17
VisualStudioVersion = 17.1.32210.238
MinimumVisualStudioVersion = 10.0.40219.1
Project("{FAE04EC0-301F-11D3-BF4B-00C04F79EFBC}") = "OOP2V1", "OOP2V1\OOP2V1.csproj", "{538251F8-6DF4-44FE-A493-2089CAEFA891}"
EndProject
Project("{FAE04EC0-301F-11D3-BF4B-00C04F79EFBC}") = "OOP2V1exercise", "OOP2V1exercise\OOP2V1exercise.csproj", "{79DC1874-FBBD-448F-8FF4-60BDA45AECF2}"
EndProject
Project("{FAE04EC0-301F-11D3-BF4B-00C04F79EFBC}") = "OOP2V2", "OOPV2\OOP2V2.csproj", "{E81ACC7A-E2A0-47AC-8BAA-9FF7CDB1C6B9}"
EndProject
Project("{FAE04EC0-301F-11D3-BF4B-00C04F79EFBC}") = "OOP2V2_2", "OOP2V2_2\OOP2V2_2.csproj", "{4CD6E00E-118F-4C8E-894D-05E40A84A9B1}"
EndProject
Project("{FAE04EC0-301F-11D3-BF4B-00C04F79EFBC}") = "OOP2V2_3", "OOP2V2_3\OOP2V2_3.csproj", "{FC97C17F-0771-4E56-B110-080E102DA993}"
EndProject
Project("{FAE04EC0-301F-11D3-BF4B-00C04F79EFBC}") = "OOP2V2_4", "OOP2V2_4\OOP2V2_4.csproj", "{DD387FD7-2968-483E-BE9C-8D0636F07530}"
EndProject
Project("{FAE04EC0-301F-11D3-BF4B-00C04F79EFBC}") = "OOP2V3_1", "OOP2V3_1\OOP2V3_1.csproj", "{CAE733B4-2A22-4D6F-9E7D-485F02F2446E}"
EndProject
Project("{FAE04EC0-301F-11D3-BF4B-00C04F79EFBC}") = "OOP2V3_2", "OOPV3_2\OOP2V3_2.csproj", "{380CFAE9-08A4-4E58-9BC4-B25A4482C73A}"
EndProject
Project("{FAE04EC0-301F-11D3-BF4B-00C04F79EFBC}") = "OOP2V3_3", "OOP2V3_3\OOP2V3_3.csproj", "{E1393AC0-4152-4192-9F4A-556ED4844364}"
EndProject
Project("{FAE04EC0-301F-11D3-BF4B-00C04F79EFBC}") = "OOP2V3_4_extensions", "OOP2V3_4_extensions\OOP2V3_4_extensions.csproj", "{86600284-4D9E-4F0F-B1B6-427B27049848}"
EndProject
Project("{FAE04EC0-301F-11D3-BF4B-00C04F79EFBC}") = "OOP2V3_5_linq", "OOP2V3_5_linq\OOP2V3_5_linq.csproj", "{F2139BF6-6C70-4CE4-AC57-3EFA7D89454F}"
EndProject
Project("{FAE04EC0-301F-11D3-BF4B-00C04F79EFBC}") = "DomaciCHAT-2022", "DomaciCHAT-2022\DomaciCHAT-2022.csproj", "{6A3B2E38-7A5C-4164-8A9C-63FE6F475DFB}"
EndProject
Project("{FAE04EC0-301F-11D3-BF4B-00C04F79EFBC}") = "OOP2V4_wpf_1", "OOP2V4_wpf_1\OOP2V4_wpf_1.csproj", "{250C04FB-C366-404C-B50C-012F656EA4ED}"
EndProject
Project("{FAE04EC0-301F-11D3-BF4B-00C04F79EFBC}") = "OOP2V4_wpf_2", "OOP2V4_wpf_2\OOP2V4_wpf_2.csproj", "{4F926B35-9C22-493B-8D6B-25EF202C5ADE}"
EndProject
Global
	GlobalSection(SolutionConfigurationPlatforms) = preSolution
		Debug|Any CPU = Debug|Any CPU
		Release|Any CPU = Release|Any CPU
	EndGlobalSection
	GlobalSection(ProjectConfigurationPlatforms) = postSolution
		{538251F8-6DF4-44FE-A493-2089CAEFA891}.Debug|Any CPU.ActiveCfg = Debug|Any CPU
		{538251F8-6DF4-44FE-A493-2089CAEFA891}.Debug|Any CPU.Build.0 = Debug|Any CPU
		{538251F8-6DF4-44FE-A493-2089CAEFA891}.Release|Any CPU.ActiveCfg = Release|Any CPU
		{538251F8-6DF4-44FE-A493-2089CAEFA891}.Release|Any CPU.Build.0 = Release|Any CPU
		{79DC1874-FBBD-448F-8FF4-60BDA45AECF2}.Debug|Any CPU.ActiveCfg = Debug|Any CPU
		{79DC1874-FBBD-448F-8FF4-60BDA45AECF2}.Debug|Any CPU.Build.0 = Debug|Any CPU
		{79DC1874-FBBD-448F-8FF4-60BDA45AECF2}.Release|Any CPU.ActiveCfg = Release|Any CPU
		{79DC1874-FBBD-448F-8FF4-60BDA45AECF2}.Release|Any CPU.Build.0 = Release|Any CPU
		{E81ACC7A-E2A0-47AC-8BAA-9FF7CDB1C6B9}.Debug|Any CPU.ActiveCfg = Debug|Any CPU
		{E81ACC7A-E2A0-47AC-8BAA-9FF7CDB1C6B9}.Debug|Any CPU.Build.0 = Debug|Any CPU
		{E81ACC7A-E2A0-47AC-8BAA-9FF7CDB1C6B9}.Release|Any CPU.ActiveCfg = Release|Any CPU
		{E81ACC7A-E2A0-47AC-8BAA-9FF7CDB1C6B9}.Release|Any CPU.Build.0 = Release|Any CPU
		{4CD6E00E-118F-4C8E-894D-05E40A84A9B1}.Debug|Any CPU.ActiveCfg = Debug|Any CPU
		{4CD6E00E-118F-4C8E-894D-05E40A84A9B1}.Debug|Any CPU.Build.0 = Debug|Any CPU
		{4CD6E00E-118F-4C8E-894D-05E40A84A9B1}.Release|Any CPU.ActiveCfg = Release|Any CPU
		{4CD6E00E-118F-4C8E-894D-05E40A84A9B1}.Release|Any CPU.Build.0 = Release|Any CPU
		{FC97C17F-0771-4E56-B110-080E102DA993}.Debug|Any CPU.ActiveCfg = Debug|Any CPU
		{FC97C17F-0771-4E56-B110-080E102DA993}.Debug|Any CPU.Build.0 = Debug|Any CPU
		{FC97C17F-0771-4E56-B110-080E102DA993}.Release|Any CPU.ActiveCfg = Release|Any CPU
		{FC97C17F-0771-4E56-B110-080E102DA993}.Release|Any CPU.Build.0 = Release|Any CPU
		{DD387FD7-2968-483E-BE9C-8D0636F07530}.Debug|Any CPU.ActiveCfg = Debug|Any CPU
		{DD387FD7-2968-483E-BE9C-8D0636F07530}.Debug|Any CPU.Build.0 = Debug|Any CPU
		{DD387FD7-2968-483E-BE9C-8D0636F07530}.Release|Any CPU.ActiveCfg = Release|Any CPU
		{DD387FD7-2968-483E-BE9C-8D0636F07530}.Release|Any CPU.Build.0 = Release|Any CPU
		{CAE733B4-2A22-4D6F-9E7D-485F02F2446E}.Debug|Any CPU.ActiveCfg = Debug|Any CPU
		{CAE733B4-2A22-4D6F-9E7D-485F02F2446E}.Debug|Any CPU.Build.0 = Debug|Any CPU
		{CAE733B4-2A22-4D6F-9E7D-485F02F2446E}.Release|Any CPU.ActiveCfg = Release|Any CPU
		{CAE733B4-2A22-4D6F-9E7D-485F02F2446E}.Release|Any CPU.Build.0 = Release|Any CPU
		{380CFAE9-08A4-4E58-9BC4-B25A4482C73A}.Debug|Any CPU.ActiveCfg = Debug|Any CPU
		{380CFAE9-08A4-4E58-9BC4-B25A4482C73A}.Debug|Any CPU.Build.0 = Debug|Any CPU
		{380CFAE9-08A4-4E58-9BC4-B25A4482C73A}.Release|Any CPU.ActiveCfg = Release|Any CPU
		{380CFAE9-08A4-4E58-9BC4-B25A4482C73A}.Release|Any CPU.Build.0 = Release|Any CPU
		{E1393AC0-4152-4192-9F4A-556ED4844364}.Debug|Any CPU.ActiveCfg = Debug|Any CPU
		{E1393AC0-4152-4192-9F4A-556ED4844364}.Debug|Any CPU.Build.0 = Debug|Any CPU
		{E1393AC0-4152-4192-9F4A-556ED4844364}.Release|Any CPU.ActiveCfg = Release|Any CPU
		{E1393AC0-4152-4192-9F4A-556ED4844364}.Release|Any CPU.Build.0 = Release|Any CPU
		{86600284-4D9E-4F0F-B1B6-427B27049848}.Debug|Any CPU.ActiveCfg = Debug|Any CPU
		{86600284-4D9E-4F0F-B1B6-427B27049848}.Debug|Any CPU.Build.0 = Debug|Any CPU
		{86600284-4D9E-4F0F-B1B6-427B27049848}.Release|Any CPU.ActiveCfg = Release|Any CPU
		{86600284-4D9E-4F0F-B1B6-427B27049848}.Release|Any CPU.Build.0 = Release|Any CPU
		{F2139BF6-6C70-4CE4-AC57-3EFA7D89454F}.Debug|Any CPU.ActiveCfg = Debug|Any CPU
		{F2139BF6-6C70-4CE4-AC57-3EFA7D89454F}.Debug|Any CPU.Build.0 = Debug|Any CPU
		{F2139BF6-6C70-4CE4-AC57-3EFA7D89454F}.Release|Any CPU.ActiveCfg = Release|Any CPU
		{F2139BF6-6C70-4CE4-AC57-3EFA7D89454F}.Release|Any CPU.Build.0 = Release|Any CPU
		{6A3B2E38-7A5C-4164-8A9C-63FE6F475DFB}.Debug|Any CPU.ActiveCfg = Debug|Any CPU
		{6A3B2E38-7A5C-4164-8A9C-63FE6F475DFB}.Debug|Any CPU.Build.0 = Debug|Any CPU
		{6A3B2E38-7A5C-4164-8A9C-63FE6F475DFB}.Release|Any CPU.ActiveCfg = Release|Any CPU
		{6A3B2E38-7A5C-4164-8A9C-63FE6F475DFB}.Release|Any CPU.Build.0 = Release|Any CPU
		{250C04FB-C366-404C-B50C-012F656EA4ED}.Debug|Any CPU.ActiveCfg = Debug|Any CPU
		{250C04FB-C366-404C-B50C-012F656EA4ED}.Debug|Any CPU.Build.0 = Debug|Any CPU
		{250C04FB-C366-404C-B50C-012F656EA4ED}.Release|Any CPU.ActiveCfg = Release|Any CPU
		{250C04FB-C366-404C-B50C-012F656EA4ED}.Release|Any CPU.Build.0 = Release|Any CPU
		{4F926B35-9C22-493B-8D6B-25EF202C5ADE}.Debug|Any CPU.ActiveCfg = Debug|Any CPU
		{4F926B35-9C22-493B-8D6B-25EF202C5ADE}.Debug|Any CPU.Build.0 = Debug|Any CPU
		{4F926B35-9C22-493B-8D6B-25EF202C5ADE}.Release|Any CPU.ActiveCfg = Release|Any CPU
		{4F926B35-9C22-493B-8D6B-25EF202C5ADE}.Release|Any CPU.Build.0 = Release|Any CPU
	EndGlobalSection
	GlobalSection(SolutionProperties) = preSolution
		HideSolutionNode = FALSE
	EndGlobalSection
	GlobalSection(ExtensibilityGlobals) = postSolution
		SolutionGuid = {65778820-52A7-4B4E-A48E-38612EC870DF}
	EndGlobalSection
EndGlobal
